github.com/axengine/utils v0.0.0-20230307013359-98101aacbccd h1:2SaVyDqZGgbR7O5iRx5pgBKJjj0P1jI1kb5gAAC+xzk=
github.com/axengine/utils v0.0.0-20230307013359-98101aacbccd/go.mod h1:PaloEMMrWUPnpGTnWkYp/r61lnJNjzpHp3OjUss6w3I=
github.com/shopspring/decimal v1.3.1 h1:2Usl1nmF/WZucqkFZhnfFYxxxu8LG21F6nPQBE5gKV8=
github.com/shopspring/decimal v1.3.1/go.mod h1:DKyhrW/HYNuLGql+MJL6WCR6knT2jwCFRcu2hWCYk4o=
